[[package]]
name = "django"
version = "2.0.5"
description = "A high-level Python Web framework that encourages rapid development and clean, pragmatic design."
category = "main"
optional = false
python-versions = ">=3.4"

[package.dependencies]
pytz = "*"

[package.extras]
argon2 = ["argon2-cffi (>=16.1.0)"]
bcrypt = ["bcrypt"]

[[package]]
name = "pytz"
version = "2023.3.post1"
description = "World timezone definitions, modern and historical"
category = "main"
optional = false
python-versions = "*"

[metadata]
lock-version = "1.1"
python-versions = "3.6.5"
content-hash = "cf1fc45f634469e4cdd828b5833f71ba38b72295eb3986531158cfaf813d5928"

[metadata.files]
django = [
    {file = "Django-2.0.5-py3-none-any.whl", hash = "sha256:26b34f4417aa38d895b6b5307177b51bc3f4d53179d8696a5c19dcb50582523c"},
    {file = "Django-2.0.5.tar.gz", hash = "sha256:71d1a584bb4ad2b4f933d07d02c716755c1394feaac1ce61ce37843ac5401092"},
]
pytz = [
    {file = "pytz-2023.3.post1-py2.py3-none-any.whl", hash = "sha256:ce42d816b81b68506614c11e8937d3aa9e41007ceb50bfdcb0749b921bf646c7"},
    {file = "pytz-2023.3.post1.tar.gz", hash = "sha256:7b4fddbeb94a1eba4b557da24f19fdf9db575192544270a9101d8509f9f43d7b"},
]
